
Microsoft Visual Studio Solution File, Format Version 12.00
# Visual Studio Version 17
VisualStudioVersion = 17.3.32804.467
MinimumVisualStudioVersion = 10.0.40219.1
Project("{9A19103F-16F7-4668-BE54-9A1E7A4F7556}") = "Cinema.Server", "Cinema\Server\Cinema.Server.csproj", "{209C7DE6-C9E3-455F-B562-A5EDD3CB37E2}"
EndProject
Project("{9A19103F-16F7-4668-BE54-9A1E7A4F7556}") = "Cinema.Client", "Cinema\Client\Cinema.Client.csproj", "{A2F40BC4-5B55-43D6-BFF2-F0AF42BABB79}"
EndProject
Project("{9A19103F-16F7-4668-BE54-9A1E7A4F7556}") = "Cinema.Shared", "Cinema\Shared\Cinema.Shared.csproj", "{E62FE815-5E33-450E-B42C-41ECEA803FD6}"
EndProject
Project("{9A19103F-16F7-4668-BE54-9A1E7A4F7556}") = "Cinema.Models", "Cinema.Models\Cinema.Models.csproj", "{C9F9E658-053C-4E3C-AC76-D1BEE8061873}"
EndProject
Project("{9A19103F-16F7-4668-BE54-9A1E7A4F7556}") = "Cinema.DataAccess", "Cinema.DataAccess\Cinema.DataAccess.csproj", "{2106C32D-FB95-4ECC-BCF4-D61D3B734EA3}"
EndProject
Project("{FAE04EC0-301F-11D3-BF4B-00C04F79EFBC}") = "Cinema.UnitTests", "Cinema.UnitTests\Cinema.UnitTests.csproj", "{CB3F7541-0A89-4FC2-9ED3-7842EA8D06A2}"
EndProject
Global
	GlobalSection(SolutionConfigurationPlatforms) = preSolution
		Debug|Any CPU = Debug|Any CPU
		Release|Any CPU = Release|Any CPU
	EndGlobalSection
	GlobalSection(ProjectConfigurationPlatforms) = postSolution
		{209C7DE6-C9E3-455F-B562-A5EDD3CB37E2}.Debug|Any CPU.ActiveCfg = Debug|Any CPU
		{209C7DE6-C9E3-455F-B562-A5EDD3CB37E2}.Debug|Any CPU.Build.0 = Debug|Any CPU
		{209C7DE6-C9E3-455F-B562-A5EDD3CB37E2}.Release|Any CPU.ActiveCfg = Release|Any CPU
		{209C7DE6-C9E3-455F-B562-A5EDD3CB37E2}.Release|Any CPU.Build.0 = Release|Any CPU
		{A2F40BC4-5B55-43D6-BFF2-F0AF42BABB79}.Debug|Any CPU.ActiveCfg = Debug|Any CPU
		{A2F40BC4-5B55-43D6-BFF2-F0AF42BABB79}.Debug|Any CPU.Build.0 = Debug|Any CPU
		{A2F40BC4-5B55-43D6-BFF2-F0AF42BABB79}.Release|Any CPU.ActiveCfg = Release|Any CPU
		{A2F40BC4-5B55-43D6-BFF2-F0AF42BABB79}.Release|Any CPU.Build.0 = Release|Any CPU
		{E62FE815-5E33-450E-B42C-41ECEA803FD6}.Debug|Any CPU.ActiveCfg = Debug|Any CPU
		{E62FE815-5E33-450E-B42C-41ECEA803FD6}.Debug|Any CPU.Build.0 = Debug|Any CPU
		{E62FE815-5E33-450E-B42C-41ECEA803FD6}.Release|Any CPU.ActiveCfg = Release|Any CPU
		{E62FE815-5E33-450E-B42C-41ECEA803FD6}.Release|Any CPU.Build.0 = Release|Any CPU
		{C9F9E658-053C-4E3C-AC76-D1BEE8061873}.Debug|Any CPU.ActiveCfg = Debug|Any CPU
		{C9F9E658-053C-4E3C-AC76-D1BEE8061873}.Debug|Any CPU.Build.0 = Debug|Any CPU
		{C9F9E658-053C-4E3C-AC76-D1BEE8061873}.Release|Any CPU.ActiveCfg = Release|Any CPU
		{C9F9E658-053C-4E3C-AC76-D1BEE8061873}.Release|Any CPU.Build.0 = Release|Any CPU
		{2106C32D-FB95-4ECC-BCF4-D61D3B734EA3}.Debug|Any CPU.ActiveCfg = Debug|Any CPU
		{2106C32D-FB95-4ECC-BCF4-D61D3B734EA3}.Debug|Any CPU.Build.0 = Debug|Any CPU
		{2106C32D-FB95-4ECC-BCF4-D61D3B734EA3}.Release|Any CPU.ActiveCfg = Release|Any CPU
		{2106C32D-FB95-4ECC-BCF4-D61D3B734EA3}.Release|Any CPU.Build.0 = Release|Any CPU
		{CB3F7541-0A89-4FC2-9ED3-7842EA8D06A2}.Debug|Any CPU.ActiveCfg = Debug|Any CPU
		{CB3F7541-0A89-4FC2-9ED3-7842EA8D06A2}.Debug|Any CPU.Build.0 = Debug|Any CPU
		{CB3F7541-0A89-4FC2-9ED3-7842EA8D06A2}.Release|Any CPU.ActiveCfg = Release|Any CPU
		{CB3F7541-0A89-4FC2-9ED3-7842EA8D06A2}.Release|Any CPU.Build.0 = Release|Any CPU
	EndGlobalSection
	GlobalSection(SolutionProperties) = preSolution
		HideSolutionNode = FALSE
	EndGlobalSection
	GlobalSection(ExtensibilityGlobals) = postSolution
		SolutionGuid = {26233339-ADB1-40D0-80AD-9783B90EA7D8}
	EndGlobalSection
EndGlobal
