
Microsoft Visual Studio Solution File, Format Version 12.00
# Visual Studio Version 17
VisualStudioVersion = 17.3.32804.467
MinimumVisualStudioVersion = 10.0.40219.1
Project("{9A19103F-16F7-4668-BE54-9A1E7A4F7556}") = "Cinema.Server", "Cinema\Server\Cinema.Server.csproj", "{209C7DE6-C9E3-455F-B562-A5EDD3CB37E2}"
EndProject
Project("{9A19103F-16F7-4668-BE54-9A1E7A4F7556}") = "Cinema.Client", "Cinema\Client\Cinema.Client.csproj", "{A2F40BC4-5B55-43D6-BFF2-F0AF42BABB79}"
EndProject
Project("{9A19103F-16F7-4668-BE54-9A1E7A4F7556}") = "Cinema.Shared", "Cinema\Shared\Cinema.Shared.csproj", "{E62FE815-5E33-450E-B42C-41ECEA803FD6}"
EndProject
Global
	GlobalSection(SolutionConfigurationPlatforms) = preSolution
		Debug|Any CPU = Debug|Any CPU
		Release|Any CPU = Release|Any CPU
	EndGlobalSection
	GlobalSection(ProjectConfigurationPlatforms) = postSolution
		{209C7DE6-C9E3-455F-B562-A5EDD3CB37E2}.Debug|Any CPU.ActiveCfg = Debug|Any CPU
		{209C7DE6-C9E3-455F-B562-A5EDD3CB37E2}.Debug|Any CPU.Build.0 = Debug|Any CPU
		{209C7DE6-C9E3-455F-B562-A5EDD3CB37E2}.Release|Any CPU.ActiveCfg = Release|Any CPU
		{209C7DE6-C9E3-455F-B562-A5EDD3CB37E2}.Release|Any CPU.Build.0 = Release|Any CPU
		{A2F40BC4-5B55-43D6-BFF2-F0AF42BABB79}.Debug|Any CPU.ActiveCfg = Debug|Any CPU
		{A2F40BC4-5B55-43D6-BFF2-F0AF42BABB79}.Debug|Any CPU.Build.0 = Debug|Any CPU
		{A2F40BC4-5B55-43D6-BFF2-F0AF42BABB79}.Release|Any CPU.ActiveCfg = Release|Any CPU
		{A2F40BC4-5B55-43D6-BFF2-F0AF42BABB79}.Release|Any CPU.Build.0 = Release|Any CPU
		{E62FE815-5E33-450E-B42C-41ECEA803FD6}.Debug|Any CPU.ActiveCfg = Debug|Any CPU
		{E62FE815-5E33-450E-B42C-41ECEA803FD6}.Debug|Any CPU.Build.0 = Debug|Any CPU
		{E62FE815-5E33-450E-B42C-41ECEA803FD6}.Release|Any CPU.ActiveCfg = Release|Any CPU
		{E62FE815-5E33-450E-B42C-41ECEA803FD6}.Release|Any CPU.Build.0 = Release|Any CPU
	EndGlobalSection
	GlobalSection(SolutionProperties) = preSolution
		HideSolutionNode = FALSE
	EndGlobalSection
	GlobalSection(ExtensibilityGlobals) = postSolution
		SolutionGuid = {26233339-ADB1-40D0-80AD-9783B90EA7D8}
	EndGlobalSection
EndGlobal
